
Microsoft Visual Studio Solution File, Format Version 12.00
# Visual Studio Version 16
VisualStudioVersion = 16.0.31729.503
MinimumVisualStudioVersion = 10.0.40219.1
Project("{9A19103F-16F7-4668-BE54-9A1E7A4F7556}") = "Entities", "Entities\Entities.csproj", "{FB3F83B8-05AC-458B-B0DF-DFB0CAC1CA37}"
EndProject
Project("{9A19103F-16F7-4668-BE54-9A1E7A4F7556}") = "DataAccess", "DataAccess\DataAccess.csproj", "{660B4029-C381-4CBC-B5DB-9017BB065AA5}"
EndProject
Project("{9A19103F-16F7-4668-BE54-9A1E7A4F7556}") = "Business", "Business\Business.csproj", "{A4DBB449-0309-4C85-AC2F-B6940D0C1157}"
EndProject
Project("{9A19103F-16F7-4668-BE54-9A1E7A4F7556}") = "Console", "Console\Console.csproj", "{4CE540F0-6D28-4F2B-B142-C80218CB739C}"
EndProject
Project("{9A19103F-16F7-4668-BE54-9A1E7A4F7556}") = "Core", "Core\Core.csproj", "{0AD86B75-5D84-48A0-B7C4-0D45F50D3053}"
EndProject
Project("{FAE04EC0-301F-11D3-BF4B-00C04F79EFBC}") = "WebAppi", "WebAppi\WebAppi.csproj", "{37B164D9-1DB0-4794-BBF3-49BADD57E3DE}"
EndProject
Global
	GlobalSection(SolutionConfigurationPlatforms) = preSolution
		Debug|Any CPU = Debug|Any CPU
		Release|Any CPU = Release|Any CPU
	EndGlobalSection
	GlobalSection(ProjectConfigurationPlatforms) = postSolution
		{FB3F83B8-05AC-458B-B0DF-DFB0CAC1CA37}.Debug|Any CPU.ActiveCfg = Debug|Any CPU
		{FB3F83B8-05AC-458B-B0DF-DFB0CAC1CA37}.Debug|Any CPU.Build.0 = Debug|Any CPU
		{FB3F83B8-05AC-458B-B0DF-DFB0CAC1CA37}.Release|Any CPU.ActiveCfg = Release|Any CPU
		{FB3F83B8-05AC-458B-B0DF-DFB0CAC1CA37}.Release|Any CPU.Build.0 = Release|Any CPU
		{660B4029-C381-4CBC-B5DB-9017BB065AA5}.Debug|Any CPU.ActiveCfg = Debug|Any CPU
		{660B4029-C381-4CBC-B5DB-9017BB065AA5}.Debug|Any CPU.Build.0 = Debug|Any CPU
		{660B4029-C381-4CBC-B5DB-9017BB065AA5}.Release|Any CPU.ActiveCfg = Release|Any CPU
		{660B4029-C381-4CBC-B5DB-9017BB065AA5}.Release|Any CPU.Build.0 = Release|Any CPU
		{A4DBB449-0309-4C85-AC2F-B6940D0C1157}.Debug|Any CPU.ActiveCfg = Debug|Any CPU
		{A4DBB449-0309-4C85-AC2F-B6940D0C1157}.Debug|Any CPU.Build.0 = Debug|Any CPU
		{A4DBB449-0309-4C85-AC2F-B6940D0C1157}.Release|Any CPU.ActiveCfg = Release|Any CPU
		{A4DBB449-0309-4C85-AC2F-B6940D0C1157}.Release|Any CPU.Build.0 = Release|Any CPU
		{4CE540F0-6D28-4F2B-B142-C80218CB739C}.Debug|Any CPU.ActiveCfg = Debug|Any CPU
		{4CE540F0-6D28-4F2B-B142-C80218CB739C}.Debug|Any CPU.Build.0 = Debug|Any CPU
		{4CE540F0-6D28-4F2B-B142-C80218CB739C}.Release|Any CPU.ActiveCfg = Release|Any CPU
		{4CE540F0-6D28-4F2B-B142-C80218CB739C}.Release|Any CPU.Build.0 = Release|Any CPU
		{0AD86B75-5D84-48A0-B7C4-0D45F50D3053}.Debug|Any CPU.ActiveCfg = Debug|Any CPU
		{0AD86B75-5D84-48A0-B7C4-0D45F50D3053}.Debug|Any CPU.Build.0 = Debug|Any CPU
		{0AD86B75-5D84-48A0-B7C4-0D45F50D3053}.Release|Any CPU.ActiveCfg = Release|Any CPU
		{0AD86B75-5D84-48A0-B7C4-0D45F50D3053}.Release|Any CPU.Build.0 = Release|Any CPU
		{37B164D9-1DB0-4794-BBF3-49BADD57E3DE}.Debug|Any CPU.ActiveCfg = Debug|Any CPU
		{37B164D9-1DB0-4794-BBF3-49BADD57E3DE}.Debug|Any CPU.Build.0 = Debug|Any CPU
		{37B164D9-1DB0-4794-BBF3-49BADD57E3DE}.Release|Any CPU.ActiveCfg = Release|Any CPU
		{37B164D9-1DB0-4794-BBF3-49BADD57E3DE}.Release|Any CPU.Build.0 = Release|Any CPU
	EndGlobalSection
	GlobalSection(SolutionProperties) = preSolution
		HideSolutionNode = FALSE
	EndGlobalSection
	GlobalSection(ExtensibilityGlobals) = postSolution
		SolutionGuid = {5CA6CFA3-1458-44BD-997C-9CD0B9A79F52}
	EndGlobalSection
EndGlobal
